{
    "name": "sbcomponents",
    "version": "1.0.0",
    "lockfileVersion": 3,
    "requires": true,
    "packages": {
        "": {
            "name": "sbcomponents",
            "version": "1.0.0",
            "devDependencies": {
                "chromatic": "^11.19.0"
            }
        },
        "node_modules/chromatic": {
            "version": "11.19.0",
            "resolved": "https://registry.npmjs.org/chromatic/-/chromatic-11.19.0.tgz",
            "integrity": "sha512-3JZ1Tt26N2uDok6nXApsvHmTnkrgE0HClq1bmfF5WmCJ61bMN80CObhuFc7kiBCv5QbE7GOe3rpy3MiuZ4h9IA==",
            "dev": true,
            "bin": {
                "chroma": "dist/bin.js",
                "chromatic": "dist/bin.js",
                "chromatic-cli": "dist/bin.js"
            },
            "peerDependencies": {
                "@chromatic-com/cypress": "^0.*.* || ^1.0.0",
                "@chromatic-com/playwright": "^0.*.* || ^1.0.0"
            },
            "peerDependenciesMeta": {
                "@chromatic-com/cypress": {
                    "optional": true
                },
                "@chromatic-com/playwright": {
                    "optional": true
                }
            }
        }
    }
}
